# This file is automatically @generated by Cargo.
# It is not intended for manual editing.
version = 3

[[package]]
name = "bitflags"
version = "2.9.4"
source = "registry+https://github.com/rust-lang/crates.io-index"
checksum = "2261d10cca569e4643e526d8dc2e62e433cc8aba21ab764233731f8d369bf394"

[[package]]
name = "core-foundation-sys"
version = "0.8.7"
source = "registry+https://github.com/rust-lang/crates.io-index"
checksum = "773648b94d0e5d620f64f280777445740e61fe701025087ec8b57f45c791888b"

[[package]]
name = "libc"
version = "0.2.176"
source = "registry+https://github.com/rust-lang/crates.io-index"
checksum = "58f929b4d672ea937a23a1ab494143d968337a5f47e56d0815df1e0890ddf174"

[[package]]
name = "objc2-core-foundation"
version = "0.3.2"
source = "registry+https://github.com/rust-lang/crates.io-index"
checksum = "2a180dd8642fa45cdb7dd721cd4c11b1cadd4929ce112ebd8b9f5803cc79d536"
dependencies = [
 "bitflags",
]

[[package]]
name = "objc2-system-configuration"
version = "0.3.2"
source = "registry+https://github.com/rust-lang/crates.io-index"
checksum = "7216bd11cbda54ccabcab84d523dc93b858ec75ecfb3a7d89513fa22464da396"
dependencies = [
 "bitflags",
 "libc",
 "objc2-core-foundation",
]

[[package]]
name = "system-configuration"
version = "0.7.0"
dependencies = [
 "bitflags",
 "libc",
 "objc2-core-foundation",
 "objc2-system-configuration",
]

[[package]]
name = "system-configuration-sys"
version = "0.6.0"
dependencies = [
 "core-foundation-sys",
 "libc",
]
